
Microsoft Visual Studio Solution File, Format Version 12.00
# Visual Studio Version 17
VisualStudioVersion = 17.5.33516.290
MinimumVisualStudioVersion = 10.0.40219.1
Project("{FAE04EC0-301F-11D3-BF4B-00C04F79EFBC}") = "ConsumirApi", "ConsumirApi.csproj", "{5CAFE716-2993-4ADB-B7CE-BD1BE4246971}"
EndProject
Global
	GlobalSection(SolutionConfigurationPlatforms) = preSolution
		Debug|Any CPU = Debug|Any CPU
		Release|Any CPU = Release|Any CPU
	EndGlobalSection
	GlobalSection(ProjectConfigurationPlatforms) = postSolution
		{5CAFE716-2993-4ADB-B7CE-BD1BE4246971}.Debug|Any CPU.ActiveCfg = Debug|Any CPU
		{5CAFE716-2993-4ADB-B7CE-BD1BE4246971}.Debug|Any CPU.Build.0 = Debug|Any CPU
		{5CAFE716-2993-4ADB-B7CE-BD1BE4246971}.Release|Any CPU.ActiveCfg = Release|Any CPU
		{5CAFE716-2993-4ADB-B7CE-BD1BE4246971}.Release|Any CPU.Build.0 = Release|Any CPU
	EndGlobalSection
	GlobalSection(SolutionProperties) = preSolution
		HideSolutionNode = FALSE
	EndGlobalSection
	GlobalSection(ExtensibilityGlobals) = postSolution
		SolutionGuid = {2BE417D5-3EE2-4898-8AE0-34FB060EC036}
	EndGlobalSection
EndGlobal
